
Microsoft Visual Studio Solution File, Format Version 12.00
# Visual Studio Version 17
VisualStudioVersion = 17.10.35027.167
MinimumVisualStudioVersion = 10.0.40219.1
Project("{FAE04EC0-301F-11D3-BF4B-00C04F79EFBC}") = "ManagerStudent", "ManagerStudent\ManagerStudent.csproj", "{A1E818C9-0E4C-4504-9BAA-374B61FB84DB}"
EndProject
Global
	GlobalSection(SolutionConfigurationPlatforms) = preSolution
		Debug|Any CPU = Debug|Any CPU
		Release|Any CPU = Release|Any CPU
	EndGlobalSection
	GlobalSection(ProjectConfigurationPlatforms) = postSolution
		{A1E818C9-0E4C-4504-9BAA-374B61FB84DB}.Debug|Any CPU.ActiveCfg = Debug|Any CPU
		{A1E818C9-0E4C-4504-9BAA-374B61FB84DB}.Debug|Any CPU.Build.0 = Debug|Any CPU
		{A1E818C9-0E4C-4504-9BAA-374B61FB84DB}.Release|Any CPU.ActiveCfg = Release|Any CPU
		{A1E818C9-0E4C-4504-9BAA-374B61FB84DB}.Release|Any CPU.Build.0 = Release|Any CPU
	EndGlobalSection
	GlobalSection(SolutionProperties) = preSolution
		HideSolutionNode = FALSE
	EndGlobalSection
	GlobalSection(ExtensibilityGlobals) = postSolution
		SolutionGuid = {92813687-1F67-4F21-BE37-E6D3A05AE183}
	EndGlobalSection
EndGlobal
